
Microsoft Visual Studio Solution File, Format Version 12.00
# Visual Studio Version 17
VisualStudioVersion = 17.0.31903.59
MinimumVisualStudioVersion = 10.0.40219.1
Project("{2150E333-8FDC-42A3-9474-1A3956D46DE8}") = "options", "options", "{3AF457FC-97C1-420E-B77B-6B91222CADE4}"
EndProject
Project("{FAE04EC0-301F-11D3-BF4B-00C04F79EFBC}") = "Confi.Options.Playground", "options\playground\Confi.Options.Playground.csproj", "{8EE6D89E-72E4-4015-82ED-287B217D16F7}"
EndProject
Project("{2150E333-8FDC-42A3-9474-1A3956D46DE8}") = "mongo", "mongo", "{78A1B7E0-50DF-410D-9CFF-6F57D121C214}"
EndProject
Project("{FAE04EC0-301F-11D3-BF4B-00C04F79EFBC}") = "Confi.Mongo.Playground", "mongo\dotnet\playground\Confi.Mongo.Playground.csproj", "{38426D67-4148-468D-BE34-E5FAF3907E11}"
EndProject
Project("{FAE04EC0-301F-11D3-BF4B-00C04F79EFBC}") = "Confi.Mongo", "mongo\dotnet\lib\Confi.Mongo.csproj", "{C2A92D58-9EFB-4287-9666-0C09F66ADAE2}"
EndProject
Project("{2150E333-8FDC-42A3-9474-1A3956D46DE8}") = "providers", "providers", "{8990299B-79E9-4DC2-9870-70F998F2F1AE}"
EndProject
Project("{FAE04EC0-301F-11D3-BF4B-00C04F79EFBC}") = "Confi.Providers.Playground", "providers\dotnet\playground\Confi.Providers.Playground.csproj", "{76328FFF-2BAB-4AA5-939B-1ED2D560F6E3}"
EndProject
Global
	GlobalSection(SolutionConfigurationPlatforms) = preSolution
		Debug|Any CPU = Debug|Any CPU
		Release|Any CPU = Release|Any CPU
	EndGlobalSection
	GlobalSection(SolutionProperties) = preSolution
		HideSolutionNode = FALSE
	EndGlobalSection
	GlobalSection(ProjectConfigurationPlatforms) = postSolution
		{8EE6D89E-72E4-4015-82ED-287B217D16F7}.Debug|Any CPU.ActiveCfg = Debug|Any CPU
		{8EE6D89E-72E4-4015-82ED-287B217D16F7}.Debug|Any CPU.Build.0 = Debug|Any CPU
		{8EE6D89E-72E4-4015-82ED-287B217D16F7}.Release|Any CPU.ActiveCfg = Release|Any CPU
		{8EE6D89E-72E4-4015-82ED-287B217D16F7}.Release|Any CPU.Build.0 = Release|Any CPU
		{38426D67-4148-468D-BE34-E5FAF3907E11}.Debug|Any CPU.ActiveCfg = Debug|Any CPU
		{38426D67-4148-468D-BE34-E5FAF3907E11}.Debug|Any CPU.Build.0 = Debug|Any CPU
		{38426D67-4148-468D-BE34-E5FAF3907E11}.Release|Any CPU.ActiveCfg = Release|Any CPU
		{38426D67-4148-468D-BE34-E5FAF3907E11}.Release|Any CPU.Build.0 = Release|Any CPU
		{C2A92D58-9EFB-4287-9666-0C09F66ADAE2}.Debug|Any CPU.ActiveCfg = Debug|Any CPU
		{C2A92D58-9EFB-4287-9666-0C09F66ADAE2}.Debug|Any CPU.Build.0 = Debug|Any CPU
		{C2A92D58-9EFB-4287-9666-0C09F66ADAE2}.Release|Any CPU.ActiveCfg = Release|Any CPU
		{C2A92D58-9EFB-4287-9666-0C09F66ADAE2}.Release|Any CPU.Build.0 = Release|Any CPU
		{76328FFF-2BAB-4AA5-939B-1ED2D560F6E3}.Debug|Any CPU.ActiveCfg = Debug|Any CPU
		{76328FFF-2BAB-4AA5-939B-1ED2D560F6E3}.Debug|Any CPU.Build.0 = Debug|Any CPU
		{76328FFF-2BAB-4AA5-939B-1ED2D560F6E3}.Release|Any CPU.ActiveCfg = Release|Any CPU
		{76328FFF-2BAB-4AA5-939B-1ED2D560F6E3}.Release|Any CPU.Build.0 = Release|Any CPU
	EndGlobalSection
	GlobalSection(NestedProjects) = preSolution
		{8EE6D89E-72E4-4015-82ED-287B217D16F7} = {3AF457FC-97C1-420E-B77B-6B91222CADE4}
		{C2A92D58-9EFB-4287-9666-0C09F66ADAE2} = {78A1B7E0-50DF-410D-9CFF-6F57D121C214}
		{38426D67-4148-468D-BE34-E5FAF3907E11} = {78A1B7E0-50DF-410D-9CFF-6F57D121C214}
		{76328FFF-2BAB-4AA5-939B-1ED2D560F6E3} = {8990299B-79E9-4DC2-9870-70F998F2F1AE}
	EndGlobalSection
EndGlobal
