
Microsoft Visual Studio Solution File, Format Version 12.00
# Visual Studio Version 17
VisualStudioVersion = 17.0.31903.59
MinimumVisualStudioVersion = 10.0.40219.1
Project("{2150E333-8FDC-42A3-9474-1A3956D46DE8}") = "options", "options", "{3AF457FC-97C1-420E-B77B-6B91222CADE4}"
EndProject
Project("{FAE04EC0-301F-11D3-BF4B-00C04F79EFBC}") = "Confi.Options.Playground", "options\playground\Confi.Options.Playground.csproj", "{8EE6D89E-72E4-4015-82ED-287B217D16F7}"
EndProject
Project("{2150E333-8FDC-42A3-9474-1A3956D46DE8}") = "mongo", "mongo", "{78A1B7E0-50DF-410D-9CFF-6F57D121C214}"
EndProject
Project("{FAE04EC0-301F-11D3-BF4B-00C04F79EFBC}") = "Confi.Mongo.Playground", "mongo\dotnet\playground\Confi.Mongo.Playground.csproj", "{38426D67-4148-468D-BE34-E5FAF3907E11}"
EndProject
Project("{FAE04EC0-301F-11D3-BF4B-00C04F79EFBC}") = "Confi.Mongo", "mongo\dotnet\lib\Confi.Mongo.csproj", "{C2A92D58-9EFB-4287-9666-0C09F66ADAE2}"
EndProject
Project("{2150E333-8FDC-42A3-9474-1A3956D46DE8}") = "providers", "providers", "{8990299B-79E9-4DC2-9870-70F998F2F1AE}"
EndProject
Project("{FAE04EC0-301F-11D3-BF4B-00C04F79EFBC}") = "Confi.BackgroundStore.Playground", "providers\dotnet\background\playground\Confi.BackgroundStore.Playground.csproj", "{B83F1FED-5600-469D-928E-7402EEB77822}"
EndProject
Project("{FAE04EC0-301F-11D3-BF4B-00C04F79EFBC}") = "Confi.CustomProvider.Tests", "providers\dotnet\custom\tests\Confi.CustomProvider.Tests.csproj", "{BC195411-1300-4677-B33C-5C69F1002CD9}"
EndProject
Project("{FAE04EC0-301F-11D3-BF4B-00C04F79EFBC}") = "Confi.BackgroundStore", "providers\dotnet\background\lib\Confi.BackgroundStore.csproj", "{96444844-1CAD-48AB-80B7-BAA85353FA60}"
EndProject
Project("{FAE04EC0-301F-11D3-BF4B-00C04F79EFBC}") = "Confi.Mongo.Tests", "mongo\dotnet\tests\Confi.Mongo.Tests.csproj", "{C5A1840F-6E9F-42EA-880F-73EC68E44A48}"
EndProject
Project("{2150E333-8FDC-42A3-9474-1A3956D46DE8}") = "dotnet", "dotnet", "{904D41D5-B167-4402-89A2-DC82C265ADA2}"
EndProject
Project("{2150E333-8FDC-42A3-9474-1A3956D46DE8}") = "background", "background", "{F57E3DF7-9E03-4661-A8B9-A8FA4C801FA2}"
EndProject
Project("{FAE04EC0-301F-11D3-BF4B-00C04F79EFBC}") = "Confi.BackgrounStore.Tests", "providers\dotnet\background\tests\Confi.BackgrounStore.Tests.csproj", "{4FEC97B2-200D-42F1-B58F-B73E2C388D73}"
EndProject
Project("{2150E333-8FDC-42A3-9474-1A3956D46DE8}") = "manager", "manager", "{B4B5F4F1-8A74-4999-8463-7B7B37C746C8}"
EndProject
Project("{FAE04EC0-301F-11D3-BF4B-00C04F79EFBC}") = "Confi.Manager.Host", "manager\host\Confi.Manager.Host.csproj", "{1BA1241F-77C6-4EEB-B5F5-1944BFF4DDF1}"
EndProject
Project("{FAE04EC0-301F-11D3-BF4B-00C04F79EFBC}") = "Confi.Manager.Protocol", "manager\protocol\Confi.Manager.Protocol.csproj", "{FC277584-B5C0-465C-862C-B2B332A50A1F}"
EndProject
Project("{FAE04EC0-301F-11D3-BF4B-00C04F79EFBC}") = "Confi.Manager.Tests", "manager\tests\Confi.Manager.Tests.csproj", "{587D2B60-C12F-4D14-8411-9EF787DD9E27}"
EndProject
Project("{FAE04EC0-301F-11D3-BF4B-00C04F79EFBC}") = "Confi.Manager.Endpoints", "manager\endpoints\Confi.Manager.Endpoints.csproj", "{60D36CA8-3F29-4063-A255-D479D07AE728}"
EndProject
Project("{2150E333-8FDC-42A3-9474-1A3956D46DE8}") = "envs", "envs", "{E9EB5F71-C207-44B7-A071-8C9E50FBC242}"
EndProject
Project("{2150E333-8FDC-42A3-9474-1A3956D46DE8}") = "fluenv", "fluenv", "{224912D5-8702-4811-9E4B-0EC9548EB545}"
EndProject
Project("{FAE04EC0-301F-11D3-BF4B-00C04F79EFBC}") = "Confi.Fluenv", "envs\fluenv\lib\Confi.Fluenv.csproj", "{15BA08E0-276E-4946-B04D-39AB49D611C2}"
EndProject
Project("{FAE04EC0-301F-11D3-BF4B-00C04F79EFBC}") = "Confi.Fluenv.Tests", "envs\fluenv\tests\Confi.Fluenv.Tests.csproj", "{9C223210-C0E7-4466-B15E-16D5C9203E15}"
EndProject
Project("{2150E333-8FDC-42A3-9474-1A3956D46DE8}") = "consumer", "consumer", "{2CFBB2CD-4C07-4FC9-A8ED-17AFCC3340F7}"
EndProject
Project("{FAE04EC0-301F-11D3-BF4B-00C04F79EFBC}") = "Confi.Manager.Consumer", "manager\consumer\lib\Confi.Manager.Consumer.csproj", "{2976F696-9D49-42DA-BCDB-BF705EB677E3}"
EndProject
Project("{FAE04EC0-301F-11D3-BF4B-00C04F79EFBC}") = "Confi.Manager.Consumer.Playground", "manager\consumer\play\Confi.Manager.Consumer.Playground.csproj", "{5B7664ED-42FE-4884-81B1-83F225FD89A4}"
EndProject
Project("{2150E333-8FDC-42A3-9474-1A3956D46DE8}") = "json", "json", "{2AE2E18B-B939-4531-9DE2-E8F34DB5AEA3}"
EndProject
Project("{FAE04EC0-301F-11D3-BF4B-00C04F79EFBC}") = "Confi.Json", "json\lib\Confi.Json.csproj", "{FC17AA69-80A7-4B39-AD52-F51DE50182EA}"
EndProject
Project("{FAE04EC0-301F-11D3-BF4B-00C04F79EFBC}") = "Confi.Json.Playground", "json\play\Confi.Json.Playground.csproj", "{A44B9D52-C994-407B-B144-411597270024}"
EndProject
Project("{FAE04EC0-301F-11D3-BF4B-00C04F79EFBC}") = "Confi.Json.Stub", "json\stub\Confi.Json.Stub.csproj", "{D41E2E9B-B186-4181-8702-D39C784551B2}"
EndProject
Global
	GlobalSection(SolutionConfigurationPlatforms) = preSolution
		Debug|Any CPU = Debug|Any CPU
		Release|Any CPU = Release|Any CPU
	EndGlobalSection
	GlobalSection(ProjectConfigurationPlatforms) = postSolution
		{8EE6D89E-72E4-4015-82ED-287B217D16F7}.Debug|Any CPU.ActiveCfg = Debug|Any CPU
		{8EE6D89E-72E4-4015-82ED-287B217D16F7}.Debug|Any CPU.Build.0 = Debug|Any CPU
		{8EE6D89E-72E4-4015-82ED-287B217D16F7}.Release|Any CPU.ActiveCfg = Release|Any CPU
		{8EE6D89E-72E4-4015-82ED-287B217D16F7}.Release|Any CPU.Build.0 = Release|Any CPU
		{38426D67-4148-468D-BE34-E5FAF3907E11}.Debug|Any CPU.ActiveCfg = Debug|Any CPU
		{38426D67-4148-468D-BE34-E5FAF3907E11}.Debug|Any CPU.Build.0 = Debug|Any CPU
		{38426D67-4148-468D-BE34-E5FAF3907E11}.Release|Any CPU.ActiveCfg = Release|Any CPU
		{38426D67-4148-468D-BE34-E5FAF3907E11}.Release|Any CPU.Build.0 = Release|Any CPU
		{C2A92D58-9EFB-4287-9666-0C09F66ADAE2}.Debug|Any CPU.ActiveCfg = Debug|Any CPU
		{C2A92D58-9EFB-4287-9666-0C09F66ADAE2}.Debug|Any CPU.Build.0 = Debug|Any CPU
		{C2A92D58-9EFB-4287-9666-0C09F66ADAE2}.Release|Any CPU.ActiveCfg = Release|Any CPU
		{C2A92D58-9EFB-4287-9666-0C09F66ADAE2}.Release|Any CPU.Build.0 = Release|Any CPU
		{B83F1FED-5600-469D-928E-7402EEB77822}.Debug|Any CPU.ActiveCfg = Debug|Any CPU
		{B83F1FED-5600-469D-928E-7402EEB77822}.Debug|Any CPU.Build.0 = Debug|Any CPU
		{B83F1FED-5600-469D-928E-7402EEB77822}.Release|Any CPU.ActiveCfg = Release|Any CPU
		{B83F1FED-5600-469D-928E-7402EEB77822}.Release|Any CPU.Build.0 = Release|Any CPU
		{BC195411-1300-4677-B33C-5C69F1002CD9}.Debug|Any CPU.ActiveCfg = Debug|Any CPU
		{BC195411-1300-4677-B33C-5C69F1002CD9}.Debug|Any CPU.Build.0 = Debug|Any CPU
		{BC195411-1300-4677-B33C-5C69F1002CD9}.Release|Any CPU.ActiveCfg = Release|Any CPU
		{BC195411-1300-4677-B33C-5C69F1002CD9}.Release|Any CPU.Build.0 = Release|Any CPU
		{96444844-1CAD-48AB-80B7-BAA85353FA60}.Debug|Any CPU.ActiveCfg = Debug|Any CPU
		{96444844-1CAD-48AB-80B7-BAA85353FA60}.Debug|Any CPU.Build.0 = Debug|Any CPU
		{96444844-1CAD-48AB-80B7-BAA85353FA60}.Release|Any CPU.ActiveCfg = Release|Any CPU
		{96444844-1CAD-48AB-80B7-BAA85353FA60}.Release|Any CPU.Build.0 = Release|Any CPU
		{C5A1840F-6E9F-42EA-880F-73EC68E44A48}.Debug|Any CPU.ActiveCfg = Debug|Any CPU
		{C5A1840F-6E9F-42EA-880F-73EC68E44A48}.Debug|Any CPU.Build.0 = Debug|Any CPU
		{C5A1840F-6E9F-42EA-880F-73EC68E44A48}.Release|Any CPU.ActiveCfg = Release|Any CPU
		{C5A1840F-6E9F-42EA-880F-73EC68E44A48}.Release|Any CPU.Build.0 = Release|Any CPU
		{4FEC97B2-200D-42F1-B58F-B73E2C388D73}.Debug|Any CPU.ActiveCfg = Debug|Any CPU
		{4FEC97B2-200D-42F1-B58F-B73E2C388D73}.Debug|Any CPU.Build.0 = Debug|Any CPU
		{4FEC97B2-200D-42F1-B58F-B73E2C388D73}.Release|Any CPU.ActiveCfg = Release|Any CPU
		{4FEC97B2-200D-42F1-B58F-B73E2C388D73}.Release|Any CPU.Build.0 = Release|Any CPU
		{1BA1241F-77C6-4EEB-B5F5-1944BFF4DDF1}.Debug|Any CPU.ActiveCfg = Debug|Any CPU
		{1BA1241F-77C6-4EEB-B5F5-1944BFF4DDF1}.Debug|Any CPU.Build.0 = Debug|Any CPU
		{1BA1241F-77C6-4EEB-B5F5-1944BFF4DDF1}.Release|Any CPU.ActiveCfg = Release|Any CPU
		{1BA1241F-77C6-4EEB-B5F5-1944BFF4DDF1}.Release|Any CPU.Build.0 = Release|Any CPU
		{FC277584-B5C0-465C-862C-B2B332A50A1F}.Debug|Any CPU.ActiveCfg = Debug|Any CPU
		{FC277584-B5C0-465C-862C-B2B332A50A1F}.Debug|Any CPU.Build.0 = Debug|Any CPU
		{FC277584-B5C0-465C-862C-B2B332A50A1F}.Release|Any CPU.ActiveCfg = Release|Any CPU
		{FC277584-B5C0-465C-862C-B2B332A50A1F}.Release|Any CPU.Build.0 = Release|Any CPU
		{587D2B60-C12F-4D14-8411-9EF787DD9E27}.Debug|Any CPU.ActiveCfg = Debug|Any CPU
		{587D2B60-C12F-4D14-8411-9EF787DD9E27}.Debug|Any CPU.Build.0 = Debug|Any CPU
		{587D2B60-C12F-4D14-8411-9EF787DD9E27}.Release|Any CPU.ActiveCfg = Release|Any CPU
		{587D2B60-C12F-4D14-8411-9EF787DD9E27}.Release|Any CPU.Build.0 = Release|Any CPU
		{60D36CA8-3F29-4063-A255-D479D07AE728}.Debug|Any CPU.ActiveCfg = Debug|Any CPU
		{60D36CA8-3F29-4063-A255-D479D07AE728}.Debug|Any CPU.Build.0 = Debug|Any CPU
		{60D36CA8-3F29-4063-A255-D479D07AE728}.Release|Any CPU.ActiveCfg = Release|Any CPU
		{60D36CA8-3F29-4063-A255-D479D07AE728}.Release|Any CPU.Build.0 = Release|Any CPU
		{15BA08E0-276E-4946-B04D-39AB49D611C2}.Debug|Any CPU.ActiveCfg = Debug|Any CPU
		{15BA08E0-276E-4946-B04D-39AB49D611C2}.Debug|Any CPU.Build.0 = Debug|Any CPU
		{15BA08E0-276E-4946-B04D-39AB49D611C2}.Release|Any CPU.ActiveCfg = Release|Any CPU
		{15BA08E0-276E-4946-B04D-39AB49D611C2}.Release|Any CPU.Build.0 = Release|Any CPU
		{9C223210-C0E7-4466-B15E-16D5C9203E15}.Debug|Any CPU.ActiveCfg = Debug|Any CPU
		{9C223210-C0E7-4466-B15E-16D5C9203E15}.Debug|Any CPU.Build.0 = Debug|Any CPU
		{9C223210-C0E7-4466-B15E-16D5C9203E15}.Release|Any CPU.ActiveCfg = Release|Any CPU
		{9C223210-C0E7-4466-B15E-16D5C9203E15}.Release|Any CPU.Build.0 = Release|Any CPU
		{2976F696-9D49-42DA-BCDB-BF705EB677E3}.Debug|Any CPU.ActiveCfg = Debug|Any CPU
		{2976F696-9D49-42DA-BCDB-BF705EB677E3}.Debug|Any CPU.Build.0 = Debug|Any CPU
		{2976F696-9D49-42DA-BCDB-BF705EB677E3}.Release|Any CPU.ActiveCfg = Release|Any CPU
		{2976F696-9D49-42DA-BCDB-BF705EB677E3}.Release|Any CPU.Build.0 = Release|Any CPU
		{5B7664ED-42FE-4884-81B1-83F225FD89A4}.Debug|Any CPU.ActiveCfg = Debug|Any CPU
		{5B7664ED-42FE-4884-81B1-83F225FD89A4}.Debug|Any CPU.Build.0 = Debug|Any CPU
		{5B7664ED-42FE-4884-81B1-83F225FD89A4}.Release|Any CPU.ActiveCfg = Release|Any CPU
		{5B7664ED-42FE-4884-81B1-83F225FD89A4}.Release|Any CPU.Build.0 = Release|Any CPU
		{FC17AA69-80A7-4B39-AD52-F51DE50182EA}.Debug|Any CPU.ActiveCfg = Debug|Any CPU
		{FC17AA69-80A7-4B39-AD52-F51DE50182EA}.Debug|Any CPU.Build.0 = Debug|Any CPU
		{FC17AA69-80A7-4B39-AD52-F51DE50182EA}.Release|Any CPU.ActiveCfg = Release|Any CPU
		{FC17AA69-80A7-4B39-AD52-F51DE50182EA}.Release|Any CPU.Build.0 = Release|Any CPU
		{A44B9D52-C994-407B-B144-411597270024}.Debug|Any CPU.ActiveCfg = Debug|Any CPU
		{A44B9D52-C994-407B-B144-411597270024}.Debug|Any CPU.Build.0 = Debug|Any CPU
		{A44B9D52-C994-407B-B144-411597270024}.Release|Any CPU.ActiveCfg = Release|Any CPU
		{A44B9D52-C994-407B-B144-411597270024}.Release|Any CPU.Build.0 = Release|Any CPU
		{D41E2E9B-B186-4181-8702-D39C784551B2}.Debug|Any CPU.ActiveCfg = Debug|Any CPU
		{D41E2E9B-B186-4181-8702-D39C784551B2}.Debug|Any CPU.Build.0 = Debug|Any CPU
		{D41E2E9B-B186-4181-8702-D39C784551B2}.Release|Any CPU.ActiveCfg = Release|Any CPU
		{D41E2E9B-B186-4181-8702-D39C784551B2}.Release|Any CPU.Build.0 = Release|Any CPU
	EndGlobalSection
	GlobalSection(SolutionProperties) = preSolution
		HideSolutionNode = FALSE
	EndGlobalSection
	GlobalSection(NestedProjects) = preSolution
		{8EE6D89E-72E4-4015-82ED-287B217D16F7} = {3AF457FC-97C1-420E-B77B-6B91222CADE4}
		{38426D67-4148-468D-BE34-E5FAF3907E11} = {78A1B7E0-50DF-410D-9CFF-6F57D121C214}
		{C2A92D58-9EFB-4287-9666-0C09F66ADAE2} = {78A1B7E0-50DF-410D-9CFF-6F57D121C214}
		{BC195411-1300-4677-B33C-5C69F1002CD9} = {8990299B-79E9-4DC2-9870-70F998F2F1AE}
		{B83F1FED-5600-469D-928E-7402EEB77822} = {8990299B-79E9-4DC2-9870-70F998F2F1AE}
		{96444844-1CAD-48AB-80B7-BAA85353FA60} = {8990299B-79E9-4DC2-9870-70F998F2F1AE}
		{C5A1840F-6E9F-42EA-880F-73EC68E44A48} = {78A1B7E0-50DF-410D-9CFF-6F57D121C214}
		{904D41D5-B167-4402-89A2-DC82C265ADA2} = {8990299B-79E9-4DC2-9870-70F998F2F1AE}
		{F57E3DF7-9E03-4661-A8B9-A8FA4C801FA2} = {904D41D5-B167-4402-89A2-DC82C265ADA2}
		{4FEC97B2-200D-42F1-B58F-B73E2C388D73} = {F57E3DF7-9E03-4661-A8B9-A8FA4C801FA2}
		{1BA1241F-77C6-4EEB-B5F5-1944BFF4DDF1} = {B4B5F4F1-8A74-4999-8463-7B7B37C746C8}
		{FC277584-B5C0-465C-862C-B2B332A50A1F} = {B4B5F4F1-8A74-4999-8463-7B7B37C746C8}
		{587D2B60-C12F-4D14-8411-9EF787DD9E27} = {B4B5F4F1-8A74-4999-8463-7B7B37C746C8}
		{60D36CA8-3F29-4063-A255-D479D07AE728} = {B4B5F4F1-8A74-4999-8463-7B7B37C746C8}
		{224912D5-8702-4811-9E4B-0EC9548EB545} = {E9EB5F71-C207-44B7-A071-8C9E50FBC242}
		{15BA08E0-276E-4946-B04D-39AB49D611C2} = {224912D5-8702-4811-9E4B-0EC9548EB545}
		{9C223210-C0E7-4466-B15E-16D5C9203E15} = {224912D5-8702-4811-9E4B-0EC9548EB545}
		{2CFBB2CD-4C07-4FC9-A8ED-17AFCC3340F7} = {B4B5F4F1-8A74-4999-8463-7B7B37C746C8}
		{2976F696-9D49-42DA-BCDB-BF705EB677E3} = {2CFBB2CD-4C07-4FC9-A8ED-17AFCC3340F7}
		{5B7664ED-42FE-4884-81B1-83F225FD89A4} = {2CFBB2CD-4C07-4FC9-A8ED-17AFCC3340F7}
		{FC17AA69-80A7-4B39-AD52-F51DE50182EA} = {2AE2E18B-B939-4531-9DE2-E8F34DB5AEA3}
		{A44B9D52-C994-407B-B144-411597270024} = {2AE2E18B-B939-4531-9DE2-E8F34DB5AEA3}
		{D41E2E9B-B186-4181-8702-D39C784551B2} = {2AE2E18B-B939-4531-9DE2-E8F34DB5AEA3}
	EndGlobalSection
EndGlobal
